
Microsoft Visual Studio Solution File, Format Version 12.00
# Visual Studio Version 16
VisualStudioVersion = 25.0.1704.2
MinimumVisualStudioVersion = 10.0.40219.1
Project("{FAE04EC0-301F-11D3-BF4B-00C04F79EFBC}") = "BankApplication.Api", "BankApplication\BankApplication.Api.csproj", "{1248D8EB-484D-4C6E-BC48-8BDE4949B56F}"
EndProject
Project("{FAE04EC0-301F-11D3-BF4B-00C04F79EFBC}") = "BankApplication.Application", "BankApplication.Application\BankApplication.Application.csproj", "{3E4EFA4E-F643-4D0B-85BD-B5FB1FA42AA9}"
EndProject
Project("{FAE04EC0-301F-11D3-BF4B-00C04F79EFBC}") = "BankApplication.Domain", "BankApplication.Domain\BankApplication.Domain.csproj", "{17093EC4-EA40-4075-9E60-DD9B30D8EAD2}"
EndProject
Project("{FAE04EC0-301F-11D3-BF4B-00C04F79EFBC}") = "BankApplication.Infrastructure", "BankApplication.Infrastructure\BankApplication.Infrastructure.csproj", "{8264E4BA-92F0-43CC-87ED-A37602D106FD}"
EndProject
Project("{FAE04EC0-301F-11D3-BF4B-00C04F79EFBC}") = "BankApplication.Contracts", "BankApplication.Contracts\BankApplication.Contracts.csproj", "{9C62D441-4841-498E-AC22-718066F29EB8}"
EndProject
Project("{2150E333-8FDC-42A3-9474-1A3956D46DE8}") = "Solution Items", "Solution Items", "{AC4AB977-6A69-43EF-AF75-742EECE87C86}"
	ProjectSection(SolutionItems) = preProject
		.editorconfig = .editorconfig
	EndProjectSection
EndProject
Global
	GlobalSection(SolutionConfigurationPlatforms) = preSolution
		Debug|Any CPU = Debug|Any CPU
		Release|Any CPU = Release|Any CPU
	EndGlobalSection
	GlobalSection(ProjectConfigurationPlatforms) = postSolution
		{1248D8EB-484D-4C6E-BC48-8BDE4949B56F}.Debug|Any CPU.ActiveCfg = Debug|Any CPU
		{1248D8EB-484D-4C6E-BC48-8BDE4949B56F}.Debug|Any CPU.Build.0 = Debug|Any CPU
		{1248D8EB-484D-4C6E-BC48-8BDE4949B56F}.Release|Any CPU.ActiveCfg = Release|Any CPU
		{1248D8EB-484D-4C6E-BC48-8BDE4949B56F}.Release|Any CPU.Build.0 = Release|Any CPU
		{3E4EFA4E-F643-4D0B-85BD-B5FB1FA42AA9}.Debug|Any CPU.ActiveCfg = Debug|Any CPU
		{3E4EFA4E-F643-4D0B-85BD-B5FB1FA42AA9}.Debug|Any CPU.Build.0 = Debug|Any CPU
		{3E4EFA4E-F643-4D0B-85BD-B5FB1FA42AA9}.Release|Any CPU.ActiveCfg = Release|Any CPU
		{3E4EFA4E-F643-4D0B-85BD-B5FB1FA42AA9}.Release|Any CPU.Build.0 = Release|Any CPU
		{17093EC4-EA40-4075-9E60-DD9B30D8EAD2}.Debug|Any CPU.ActiveCfg = Debug|Any CPU
		{17093EC4-EA40-4075-9E60-DD9B30D8EAD2}.Debug|Any CPU.Build.0 = Debug|Any CPU
		{17093EC4-EA40-4075-9E60-DD9B30D8EAD2}.Release|Any CPU.ActiveCfg = Release|Any CPU
		{17093EC4-EA40-4075-9E60-DD9B30D8EAD2}.Release|Any CPU.Build.0 = Release|Any CPU
		{8264E4BA-92F0-43CC-87ED-A37602D106FD}.Debug|Any CPU.ActiveCfg = Debug|Any CPU
		{8264E4BA-92F0-43CC-87ED-A37602D106FD}.Debug|Any CPU.Build.0 = Debug|Any CPU
		{8264E4BA-92F0-43CC-87ED-A37602D106FD}.Release|Any CPU.ActiveCfg = Release|Any CPU
		{8264E4BA-92F0-43CC-87ED-A37602D106FD}.Release|Any CPU.Build.0 = Release|Any CPU
		{9C62D441-4841-498E-AC22-718066F29EB8}.Debug|Any CPU.ActiveCfg = Debug|Any CPU
		{9C62D441-4841-498E-AC22-718066F29EB8}.Debug|Any CPU.Build.0 = Debug|Any CPU
		{9C62D441-4841-498E-AC22-718066F29EB8}.Release|Any CPU.ActiveCfg = Release|Any CPU
		{9C62D441-4841-498E-AC22-718066F29EB8}.Release|Any CPU.Build.0 = Release|Any CPU
	EndGlobalSection
	GlobalSection(SolutionProperties) = preSolution
		HideSolutionNode = FALSE
	EndGlobalSection
	GlobalSection(ExtensibilityGlobals) = postSolution
		SolutionGuid = {1F1C745C-E002-4CC7-8260-B0F0F2241B80}
	EndGlobalSection
EndGlobal
